
Microsoft Visual Studio Solution File, Format Version 12.00
# Visual Studio Version 16
VisualStudioVersion = 16.0.31911.196
MinimumVisualStudioVersion = 10.0.40219.1
Project("{9A19103F-16F7-4668-BE54-9A1E7A4F7556}") = "FirstAppMVC", "FirstAppMVC\FirstAppMVC.csproj", "{C764D389-AAD4-4963-A1E3-EDFD4FEC9745}"
EndProject
Project("{2150E333-8FDC-42A3-9474-1A3956D46DE8}") = "Solution Items", "Solution Items", "{4D1EA53D-5725-4BFE-8620-8E3CBB7D38FE}"
	ProjectSection(SolutionItems) = preProject
		.editorconfig = .editorconfig
	EndProjectSection
EndProject
Project("{9A19103F-16F7-4668-BE54-9A1E7A4F7556}") = "FirstApp.empty", "FirstApp.empty\FirstApp.empty.csproj", "{BEE93612-8D22-4771-B12E-BD8D7193DB5C}"
EndProject
Project("{2150E333-8FDC-42A3-9474-1A3956D46DE8}") = "MVC", "MVC", "{E2ABA0E7-2DEA-4471-9499-D5CDA1A1AB3F}"
EndProject
Project("{9A19103F-16F7-4668-BE54-9A1E7A4F7556}") = "FirtMVC.App", "MVC\FirtMVC.App\FirtMVC.App.csproj", "{DF11DBFE-D6CC-4633-BDD0-9D562B6B6F6F}"
EndProject
Project("{9A19103F-16F7-4668-BE54-9A1E7A4F7556}") = "ConsoleAppForDI", "ConsoleAppForDI\ConsoleAppForDI.csproj", "{A1216CC8-8ADE-42D0-98DE-5BEDF316BFE3}"
EndProject
Project("{FAE04EC0-301F-11D3-BF4B-00C04F79EFBC}") = "EFDemo", "EFDemo\EFDemo.csproj", "{88F5A9E0-9F2D-49C3-8D09-5447BA0BBA69}"
EndProject
Global
	GlobalSection(SolutionConfigurationPlatforms) = preSolution
		Debug|Any CPU = Debug|Any CPU
		Release|Any CPU = Release|Any CPU
	EndGlobalSection
	GlobalSection(ProjectConfigurationPlatforms) = postSolution
		{C764D389-AAD4-4963-A1E3-EDFD4FEC9745}.Debug|Any CPU.ActiveCfg = Debug|Any CPU
		{C764D389-AAD4-4963-A1E3-EDFD4FEC9745}.Debug|Any CPU.Build.0 = Debug|Any CPU
		{C764D389-AAD4-4963-A1E3-EDFD4FEC9745}.Release|Any CPU.ActiveCfg = Release|Any CPU
		{C764D389-AAD4-4963-A1E3-EDFD4FEC9745}.Release|Any CPU.Build.0 = Release|Any CPU
		{BEE93612-8D22-4771-B12E-BD8D7193DB5C}.Debug|Any CPU.ActiveCfg = Debug|Any CPU
		{BEE93612-8D22-4771-B12E-BD8D7193DB5C}.Debug|Any CPU.Build.0 = Debug|Any CPU
		{BEE93612-8D22-4771-B12E-BD8D7193DB5C}.Release|Any CPU.ActiveCfg = Release|Any CPU
		{BEE93612-8D22-4771-B12E-BD8D7193DB5C}.Release|Any CPU.Build.0 = Release|Any CPU
		{DF11DBFE-D6CC-4633-BDD0-9D562B6B6F6F}.Debug|Any CPU.ActiveCfg = Debug|Any CPU
		{DF11DBFE-D6CC-4633-BDD0-9D562B6B6F6F}.Debug|Any CPU.Build.0 = Debug|Any CPU
		{DF11DBFE-D6CC-4633-BDD0-9D562B6B6F6F}.Release|Any CPU.ActiveCfg = Release|Any CPU
		{DF11DBFE-D6CC-4633-BDD0-9D562B6B6F6F}.Release|Any CPU.Build.0 = Release|Any CPU
		{A1216CC8-8ADE-42D0-98DE-5BEDF316BFE3}.Debug|Any CPU.ActiveCfg = Debug|Any CPU
		{A1216CC8-8ADE-42D0-98DE-5BEDF316BFE3}.Debug|Any CPU.Build.0 = Debug|Any CPU
		{A1216CC8-8ADE-42D0-98DE-5BEDF316BFE3}.Release|Any CPU.ActiveCfg = Release|Any CPU
		{A1216CC8-8ADE-42D0-98DE-5BEDF316BFE3}.Release|Any CPU.Build.0 = Release|Any CPU
		{88F5A9E0-9F2D-49C3-8D09-5447BA0BBA69}.Debug|Any CPU.ActiveCfg = Debug|Any CPU
		{88F5A9E0-9F2D-49C3-8D09-5447BA0BBA69}.Debug|Any CPU.Build.0 = Debug|Any CPU
		{88F5A9E0-9F2D-49C3-8D09-5447BA0BBA69}.Release|Any CPU.ActiveCfg = Release|Any CPU
		{88F5A9E0-9F2D-49C3-8D09-5447BA0BBA69}.Release|Any CPU.Build.0 = Release|Any CPU
	EndGlobalSection
	GlobalSection(SolutionProperties) = preSolution
		HideSolutionNode = FALSE
	EndGlobalSection
	GlobalSection(NestedProjects) = preSolution
		{DF11DBFE-D6CC-4633-BDD0-9D562B6B6F6F} = {E2ABA0E7-2DEA-4471-9499-D5CDA1A1AB3F}
	EndGlobalSection
	GlobalSection(ExtensibilityGlobals) = postSolution
		SolutionGuid = {1D98E5E3-25A7-47E9-A4C5-0ED16452BF8D}
	EndGlobalSection
EndGlobal
